
Microsoft Visual Studio Solution File, Format Version 12.00
# Visual Studio 2012
Project("{FAE04EC0-301F-11D3-BF4B-00C04F79EFBC}") = "WpfApp", "WpfApp\WpfApp.csproj", "{B7F2C28F-110A-41EE-ABAA-E3781050D7EC}"
EndProject
Global
	GlobalSection(SolutionConfigurationPlatforms) = preSolution
		Debug|Any CPU = Debug|Any CPU
		Release|Any CPU = Release|Any CPU
	EndGlobalSection
	GlobalSection(ProjectConfigurationPlatforms) = postSolution
		{B7F2C28F-110A-41EE-ABAA-E3781050D7EC}.Debug|Any CPU.ActiveCfg = Debug|Any CPU
		{B7F2C28F-110A-41EE-ABAA-E3781050D7EC}.Debug|Any CPU.Build.0 = Debug|Any CPU
		{B7F2C28F-110A-41EE-ABAA-E3781050D7EC}.Release|Any CPU.ActiveCfg = Release|Any CPU
		{B7F2C28F-110A-41EE-ABAA-E3781050D7EC}.Release|Any CPU.Build.0 = Release|Any CPU
	EndGlobalSection
	GlobalSection(SolutionProperties) = preSolution
		HideSolutionNode = FALSE
	EndGlobalSection
EndGlobal
